// !$*UTF8*$!
{
	archiveVersion = 1;
	classes = {
	};
	objectVersion = 56;
	objects = {

/* Begin PBXBuildFile section */
		631D1BC72A9A5A68008FDB6F /* MainView.swift in Sources */ = {isa = PBXBuildFile; fileRef = 631D1BC62A9A5A68008FDB6F /* MainView.swift */; };
		631D1BC92A9A75F8008FDB6F /* Home.swift in Sources */ = {isa = PBXBuildFile; fileRef = 631D1BC82A9A75F8008FDB6F /* Home.swift */; };
		631D1BCB2A9A76C4008FDB6F /* Main2.swift in Sources */ = {isa = PBXBuildFile; fileRef = 631D1BCA2A9A76C4008FDB6F /* Main2.swift */; };
		6339212C2A94CC5F00C11719 /* MyThreadsApp.swift in Sources */ = {isa = PBXBuildFile; fileRef = 6339212B2A94CC5F00C11719 /* MyThreadsApp.swift */; };
		6339212E2A94CC5F00C11719 /* ContentView.swift in Sources */ = {isa = PBXBuildFile; fileRef = 6339212D2A94CC5F00C11719 /* ContentView.swift */; };
		633921302A94CC6100C11719 /* Assets.xcassets in Resources */ = {isa = PBXBuildFile; fileRef = 6339212F2A94CC6100C11719 /* Assets.xcassets */; };
		633921332A94CC6100C11719 /* Preview Assets.xcassets in Resources */ = {isa = PBXBuildFile; fileRef = 633921322A94CC6100C11719 /* Preview Assets.xcassets */; };
		6339213A2A94D41A00C11719 /* Post.swift in Sources */ = {isa = PBXBuildFile; fileRef = 633921392A94D41A00C11719 /* Post.swift */; };
		6339213C2A94D47700C11719 /* ActivityPage.swift in Sources */ = {isa = PBXBuildFile; fileRef = 6339213B2A94D47700C11719 /* ActivityPage.swift */; };
		633921402A95E70F00C11719 /* ProfileDesign.swift in Sources */ = {isa = PBXBuildFile; fileRef = 6339213F2A95E70F00C11719 /* ProfileDesign.swift */; };
		6339215C2A9624A200C11719 /* Search.swift in Sources */ = {isa = PBXBuildFile; fileRef = 6339215B2A9624A200C11719 /* Search.swift */; };
		639A12162A98DCB600F87E11 /* PostModel.swift in Sources */ = {isa = PBXBuildFile; fileRef = 639A12152A98DCB600F87E11 /* PostModel.swift */; };
/* End PBXBuildFile section */

/* Begin PBXFileReference section */
		631D1BC62A9A5A68008FDB6F /* MainView.swift */ = {isa = PBXFileReference; lastKnownFileType = sourcecode.swift; path = MainView.swift; sourceTree = "<group>"; };
		631D1BC82A9A75F8008FDB6F /* Home.swift */ = {isa = PBXFileReference; lastKnownFileType = sourcecode.swift; path = Home.swift; sourceTree = "<group>"; };
		631D1BCA2A9A76C4008FDB6F /* Main2.swift */ = {isa = PBXFileReference; lastKnownFileType = sourcecode.swift; path = Main2.swift; sourceTree = "<group>"; };
		633921282A94CC5F00C11719 /* MyThreads.app */ = {isa = PBXFileReference; explicitFileType = wrapper.application; includeInIndex = 0; path = MyThreads.app; sourceTree = BUILT_PRODUCTS_DIR; };
		6339212B2A94CC5F00C11719 /* MyThreadsApp.swift */ = {isa = PBXFileReference; lastKnownFileType = sourcecode.swift; path = MyThreadsApp.swift; sourceTree = "<group>"; };
		6339212D2A94CC5F00C11719 /* ContentView.swift */ = {isa = PBXFileReference; lastKnownFileType = sourcecode.swift; path = ContentView.swift; sourceTree = "<group>"; };
		6339212F2A94CC6100C11719 /* Assets.xcassets */ = {isa = PBXFileReference; lastKnownFileType = folder.assetcatalog; path = Assets.xcassets; sourceTree = "<group>"; };
		633921322A94CC6100C11719 /* Preview Assets.xcassets */ = {isa = PBXFileReference; lastKnownFileType = folder.assetcatalog; path = "Preview Assets.xcassets"; sourceTree = "<group>"; };
		633921392A94D41A00C11719 /* Post.swift */ = {isa = PBXFileReference; lastKnownFileType = sourcecode.swift; path = Post.swift; sourceTree = "<group>"; };
		6339213B2A94D47700C11719 /* ActivityPage.swift */ = {isa = PBXFileReference; lastKnownFileType = sourcecode.swift; path = ActivityPage.swift; sourceTree = "<group>"; };
		6339213F2A95E70F00C11719 /* ProfileDesign.swift */ = {isa = PBXFileReference; lastKnownFileType = sourcecode.swift; path = ProfileDesign.swift; sourceTree = "<group>"; };
		6339215B2A9624A200C11719 /* Search.swift */ = {isa = PBXFileReference; lastKnownFileType = sourcecode.swift; path = Search.swift; sourceTree = "<group>"; };
		639A12152A98DCB600F87E11 /* PostModel.swift */ = {isa = PBXFileReference; lastKnownFileType = sourcecode.swift; path = PostModel.swift; sourceTree = "<group>"; };
/* End PBXFileReference section */

/* Begin PBXFrameworksBuildPhase section */
		633921252A94CC5F00C11719 /* Frameworks */ = {
			isa = PBXFrameworksBuildPhase;
			buildActionMask = 2147483647;
			files = (
			);
			runOnlyForDeploymentPostprocessing = 0;
		};
/* End PBXFrameworksBuildPhase section */

/* Begin PBXGroup section */
		6339211F2A94CC5F00C11719 = {
			isa = PBXGroup;
			children = (
				6339212A2A94CC5F00C11719 /* MyThreads */,
				633921292A94CC5F00C11719 /* Products */,
			);
			sourceTree = "<group>";
		};
		633921292A94CC5F00C11719 /* Products */ = {
			isa = PBXGroup;
			children = (
				633921282A94CC5F00C11719 /* MyThreads.app */,
			);
			name = Products;
			sourceTree = "<group>";
		};
		6339212A2A94CC5F00C11719 /* MyThreads */ = {
			isa = PBXGroup;
			children = (
				6339212B2A94CC5F00C11719 /* MyThreadsApp.swift */,
				639A12152A98DCB600F87E11 /* PostModel.swift */,
				6339215B2A9624A200C11719 /* Search.swift */,
				631D1BCA2A9A76C4008FDB6F /* Main2.swift */,
				631D1BC82A9A75F8008FDB6F /* Home.swift */,
				6339213F2A95E70F00C11719 /* ProfileDesign.swift */,
				6339213B2A94D47700C11719 /* ActivityPage.swift */,
				633921392A94D41A00C11719 /* Post.swift */,
				6339212D2A94CC5F00C11719 /* ContentView.swift */,
				631D1BC62A9A5A68008FDB6F /* MainView.swift */,
				6339212F2A94CC6100C11719 /* Assets.xcassets */,
				633921312A94CC6100C11719 /* Preview Content */,
			);
			path = MyThreads;
			sourceTree = "<group>";
		};
		633921312A94CC6100C11719 /* Preview Content */ = {
			isa = PBXGroup;
			children = (
				633921322A94CC6100C11719 /* Preview Assets.xcassets */,
			);
			path = "Preview Content";
			sourceTree = "<group>";
		};
/* End PBXGroup section */

/* Begin PBXNativeTarget section */
		633921272A94CC5F00C11719 /* MyThreads */ = {
			isa = PBXNativeTarget;
			buildConfigurationList = 633921362A94CC6100C11719 /* Build configuration list for PBXNativeTarget "MyThreads" */;
			buildPhases = (
				633921242A94CC5F00C11719 /* Sources */,
				633921252A94CC5F00C11719 /* Frameworks */,
				633921262A94CC5F00C11719 /* Resources */,
			);
			buildRules = (
			);
			dependencies = (
			);
			name = MyThreads;
			productName = MyThreads;
			productReference = 633921282A94CC5F00C11719 /* MyThreads.app */;
			productType = "com.apple.product-type.application";
		};
/* End PBXNativeTarget section */

/* Begin PBXProject section */
		633921202A94CC5F00C11719 /* Project object */ = {
			isa = PBXProject;
			attributes = {
				BuildIndependentTargetsInParallel = 1;
				LastSwiftUpdateCheck = 1430;
				LastUpgradeCheck = 1430;
				TargetAttributes = {
					633921272A94CC5F00C11719 = {
						CreatedOnToolsVersion = 14.3.1;
					};
				};
			};
			buildConfigurationList = 633921232A94CC5F00C11719 /* Build configuration list for PBXProject "MyThreads" */;
			compatibilityVersion = "Xcode 14.0";
			developmentRegion = en;
			hasScannedForEncodings = 0;
			knownRegions = (
				en,
				Base,
			);
			mainGroup = 6339211F2A94CC5F00C11719;
			productRefGroup = 633921292A94CC5F00C11719 /* Products */;
			projectDirPath = "";
			projectRoot = "";
			targets = (
				633921272A94CC5F00C11719 /* MyThreads */,
			);
		};
/* End PBXProject section */

/* Begin PBXResourcesBuildPhase section */
		633921262A94CC5F00C11719 /* Resources */ = {
			isa = PBXResourcesBuildPhase;
			buildActionMask = 2147483647;
			files = (
				633921332A94CC6100C11719 /* Preview Assets.xcassets in Resources */,
				633921302A94CC6100C11719 /* Assets.xcassets in Resources */,
			);
			runOnlyForDeploymentPostprocessing = 0;
		};
/* End PBXResourcesBuildPhase section */

/* Begin PBXSourcesBuildPhase section */
		633921242A94CC5F00C11719 /* Sources */ = {
			isa = PBXSourcesBuildPhase;
			buildActionMask = 2147483647;
			files = (
				6339213A2A94D41A00C11719 /* Post.swift in Sources */,
				631D1BC72A9A5A68008FDB6F /* MainView.swift in Sources */,
				639A12162A98DCB600F87E11 /* PostModel.swift in Sources */,
				6339212E2A94CC5F00C11719 /* ContentView.swift in Sources */,
				631D1BC92A9A75F8008FDB6F /* Home.swift in Sources */,
				631D1BCB2A9A76C4008FDB6F /* Main2.swift in Sources */,
				6339212C2A94CC5F00C11719 /* MyThreadsApp.swift in Sources */,
				6339215C2A9624A200C11719 /* Search.swift in Sources */,
				6339213C2A94D47700C11719 /* ActivityPage.swift in Sources */,
				633921402A95E70F00C11719 /* ProfileDesign.swift in Sources */,
			);
			runOnlyForDeploymentPostprocessing = 0;
		};
/* End PBXSourcesBuildPhase section */

/* Begin XCBuildConfiguration section */
		633921342A94CC6100C11719 /* Debug */ = {
			isa = XCBuildConfiguration;
			buildSettings = {
				ALWAYS_SEARCH_USER_PATHS = NO;
				CLANG_ANALYZER_NONNULL = YES;
				CLANG_ANALYZER_NUMBER_OBJECT_CONVERSION = YES_AGGRESSIVE;
				CLANG_CXX_LANGUAGE_STANDARD = "gnu++20";
				CLANG_ENABLE_MODULES = YES;
				CLANG_ENABLE_OBJC_ARC = YES;
				CLANG_ENABLE_OBJC_WEAK = YES;
				CLANG_WARN_BLOCK_CAPTURE_AUTORELEASING = YES;
				CLANG_WARN_BOOL_CONVERSION = YES;
				CLANG_WARN_COMMA = YES;
				CLANG_WARN_CONSTANT_CONVERSION = YES;
				CLANG_WARN_DEPRECATED_OBJC_IMPLEMENTATIONS = YES;
				CLANG_WARN_DIRECT_OBJC_ISA_USAGE = YES_ERROR;
				CLANG_WARN_DOCUMENTATION_COMMENTS = YES;
				CLANG_WARN_EMPTY_BODY = YES;
				CLANG_WARN_ENUM_CONVERSION = YES;
				CLANG_WARN_INFINITE_RECURSION = YES;
				CLANG_WARN_INT_CONVERSION = YES;
				CLANG_WARN_NON_LITERAL_NULL_CONVERSION = YES;
				CLANG_WARN_OBJC_IMPLICIT_RETAIN_SELF = YES;
				CLANG_WARN_OBJC_LITERAL_CONVERSION = YES;
				CLANG_WARN_OBJC_ROOT_CLASS = YES_ERROR;
				CLANG_WARN_QUOTED_INCLUDE_IN_FRAMEWORK_HEADER = YES;
				CLANG_WARN_RANGE_LOOP_ANALYSIS = YES;
				CLANG_WARN_STRICT_PROTOTYPES = YES;
				CLANG_WARN_SUSPICIOUS_MOVE = YES;
				CLANG_WARN_UNGUARDED_AVAILABILITY = YES_AGGRESSIVE;
				CLANG_WARN_UNREACHABLE_CODE = YES;
				CLANG_WARN__DUPLICATE_METHOD_MATCH = YES;
				COPY_PHASE_STRIP = NO;
				DEBUG_INFORMATION_FORMAT = dwarf;
				ENABLE_STRICT_OBJC_MSGSEND = YES;
				ENABLE_TESTABILITY = YES;
				GCC_C_LANGUAGE_STANDARD = gnu11;
				GCC_DYNAMIC_NO_PIC = NO;
				GCC_NO_COMMON_BLOCKS = YES;
				GCC_OPTIMIZATION_LEVEL = 0;
				GCC_PREPROCESSOR_DEFINITIONS = (
					"DEBUG=1",
					"$(inherited)",
				);
				GCC_WARN_64_TO_32_BIT_CONVERSION = YES;
				GCC_WARN_ABOUT_RETURN_TYPE = YES_ERROR;
				GCC_WARN_UNDECLARED_SELECTOR = YES;
				GCC_WARN_UNINITIALIZED_AUTOS = YES_AGGRESSIVE;
				GCC_WARN_UNUSED_FUNCTION = YES;
				GCC_WARN_UNUSED_VARIABLE = YES;
				IPHONEOS_DEPLOYMENT_TARGET = 16.4;
				MTL_ENABLE_DEBUG_INFO = INCLUDE_SOURCE;
				MTL_FAST_MATH = YES;
				ONLY_ACTIVE_ARCH = YES;
				SDKROOT = iphoneos;
				SWIFT_ACTIVE_COMPILATION_CONDITIONS = DEBUG;
				SWIFT_OPTIMIZATION_LEVEL = "-Onone";
			};
			name = Debug;
		};
		633921352A94CC6100C11719 /* Release */ = {
			isa = XCBuildConfiguration;
			buildSettings = {
				ALWAYS_SEARCH_USER_PATHS = NO;
				CLANG_ANALYZER_NONNULL = YES;
				CLANG_ANALYZER_NUMBER_OBJECT_CONVERSION = YES_AGGRESSIVE;
				CLANG_CXX_LANGUAGE_STANDARD = "gnu++20";
				CLANG_ENABLE_MODULES = YES;
				CLANG_ENABLE_OBJC_ARC = YES;
				CLANG_ENABLE_OBJC_WEAK = YES;
				CLANG_WARN_BLOCK_CAPTURE_AUTORELEASING = YES;
				CLANG_WARN_BOOL_CONVERSION = YES;
				CLANG_WARN_COMMA = YES;
				CLANG_WARN_CONSTANT_CONVERSION = YES;
				CLANG_WARN_DEPRECATED_OBJC_IMPLEMENTATIONS = YES;
				CLANG_WARN_DIRECT_OBJC_ISA_USAGE = YES_ERROR;
				CLANG_WARN_DOCUMENTATION_COMMENTS = YES;
				CLANG_WARN_EMPTY_BODY = YES;
				CLANG_WARN_ENUM_CONVERSION = YES;
				CLANG_WARN_INFINITE_RECURSION = YES;
				CLANG_WARN_INT_CONVERSION = YES;
				CLANG_WARN_NON_LITERAL_NULL_CONVERSION = YES;
				CLANG_WARN_OBJC_IMPLICIT_RETAIN_SELF = YES;
				CLANG_WARN_OBJC_LITERAL_CONVERSION = YES;
				CLANG_WARN_OBJC_ROOT_CLASS = YES_ERROR;
				CLANG_WARN_QUOTED_INCLUDE_IN_FRAMEWORK_HEADER = YES;
				CLANG_WARN_RANGE_LOOP_ANALYSIS = YES;
				CLANG_WARN_STRICT_PROTOTYPES = YES;
				CLANG_WARN_SUSPICIOUS_MOVE = YES;
				CLANG_WARN_UNGUARDED_AVAILABILITY = YES_AGGRESSIVE;
				CLANG_WARN_UNREACHABLE_CODE = YES;
				CLANG_WARN__DUPLICATE_METHOD_MATCH = YES;
				COPY_PHASE_STRIP = NO;
				DEBUG_INFORMATION_FORMAT = "dwarf-with-dsym";
				ENABLE_NS_ASSERTIONS = NO;
				ENABLE_STRICT_OBJC_MSGSEND = YES;
				GCC_C_LANGUAGE_STANDARD = gnu11;
				GCC_NO_COMMON_BLOCKS = YES;
				GCC_WARN_64_TO_32_BIT_CONVERSION = YES;
				GCC_WARN_ABOUT_RETURN_TYPE = YES_ERROR;
				GCC_WARN_UNDECLARED_SELECTOR = YES;
				GCC_WARN_UNINITIALIZED_AUTOS = YES_AGGRESSIVE;
				GCC_WARN_UNUSED_FUNCTION = YES;
				GCC_WARN_UNUSED_VARIABLE = YES;
				IPHONEOS_DEPLOYMENT_TARGET = 16.4;
				MTL_ENABLE_DEBUG_INFO = NO;
				MTL_FAST_MATH = YES;
				SDKROOT = iphoneos;
				SWIFT_COMPILATION_MODE = wholemodule;
				SWIFT_OPTIMIZATION_LEVEL = "-O";
				VALIDATE_PRODUCT = YES;
			};
			name = Release;
		};
		633921372A94CC6100C11719 /* Debug */ = {
			isa = XCBuildConfiguration;
			buildSettings = {
				ASSETCATALOG_COMPILER_APPICON_NAME = AppIcon;
				ASSETCATALOG_COMPILER_GLOBAL_ACCENT_COLOR_NAME = AccentColor;
				CODE_SIGN_STYLE = Automatic;
				CURRENT_PROJECT_VERSION = 1;
				DEVELOPMENT_ASSET_PATHS = "\"MyThreads/Preview Content\"";
				ENABLE_PREVIEWS = YES;
				GENERATE_INFOPLIST_FILE = YES;
				INFOPLIST_KEY_UIApplicationSceneManifest_Generation = YES;
				INFOPLIST_KEY_UIApplicationSupportsIndirectInputEvents = YES;
				INFOPLIST_KEY_UILaunchScreen_Generation = YES;
				INFOPLIST_KEY_UISupportedInterfaceOrientations_iPad = "UIInterfaceOrientationPortrait UIInterfaceOrientationPortraitUpsideDown UIInterfaceOrientationLandscapeLeft UIInterfaceOrientationLandscapeRight";
				INFOPLIST_KEY_UISupportedInterfaceOrientations_iPhone = "UIInterfaceOrientationPortrait UIInterfaceOrientationLandscapeLeft UIInterfaceOrientationLandscapeRight";
				LD_RUNPATH_SEARCH_PATHS = (
					"$(inherited)",
					"@executable_path/Frameworks",
				);
				MARKETING_VERSION = 1.0;
				PRODUCT_BUNDLE_IDENTIFIER = ios.MyThreads;
				PRODUCT_NAME = "$(TARGET_NAME)";
				SWIFT_EMIT_LOC_STRINGS = YES;
				SWIFT_VERSION = 5.0;
				TARGETED_DEVICE_FAMILY = "1,2";
			};
			name = Debug;
		};
		633921382A94CC6100C11719 /* Release */ = {
			isa = XCBuildConfiguration;
			buildSettings = {
				ASSETCATALOG_COMPILER_APPICON_NAME = AppIcon;
				ASSETCATALOG_COMPILER_GLOBAL_ACCENT_COLOR_NAME = AccentColor;
				CODE_SIGN_STYLE = Automatic;
				CURRENT_PROJECT_VERSION = 1;
				DEVELOPMENT_ASSET_PATHS = "\"MyThreads/Preview Content\"";
				ENABLE_PREVIEWS = YES;
				GENERATE_INFOPLIST_FILE = YES;
				INFOPLIST_KEY_UIApplicationSceneManifest_Generation = YES;
				INFOPLIST_KEY_UIApplicationSupportsIndirectInputEvents = YES;
				INFOPLIST_KEY_UILaunchScreen_Generation = YES;
				INFOPLIST_KEY_UISupportedInterfaceOrientations_iPad = "UIInterfaceOrientationPortrait UIInterfaceOrientationPortraitUpsideDown UIInterfaceOrientationLandscapeLeft UIInterfaceOrientationLandscapeRight";
				INFOPLIST_KEY_UISupportedInterfaceOrientations_iPhone = "UIInterfaceOrientationPortrait UIInterfaceOrientationLandscapeLeft UIInterfaceOrientationLandscapeRight";
				LD_RUNPATH_SEARCH_PATHS = (
					"$(inherited)",
					"@executable_path/Frameworks",
				);
				MARKETING_VERSION = 1.0;
				PRODUCT_BUNDLE_IDENTIFIER = ios.MyThreads;
				PRODUCT_NAME = "$(TARGET_NAME)";
				SWIFT_EMIT_LOC_STRINGS = YES;
				SWIFT_VERSION = 5.0;
				TARGETED_DEVICE_FAMILY = "1,2";
			};
			name = Release;
		};
/* End XCBuildConfiguration section */

/* Begin XCConfigurationList section */
		633921232A94CC5F00C11719 /* Build configuration list for PBXProject "MyThreads" */ = {
			isa = XCConfigurationList;
			buildConfigurations = (
				633921342A94CC6100C11719 /* Debug */,
				633921352A94CC6100C11719 /* Release */,
			);
			defaultConfigurationIsVisible = 0;
			defaultConfigurationName = Release;
		};
		633921362A94CC6100C11719 /* Build configuration list for PBXNativeTarget "MyThreads" */ = {
			isa = XCConfigurationList;
			buildConfigurations = (
				633921372A94CC6100C11719 /* Debug */,
				633921382A94CC6100C11719 /* Release */,
			);
			defaultConfigurationIsVisible = 0;
			defaultConfigurationName = Release;
		};
/* End XCConfigurationList section */
	};
	rootObject = 633921202A94CC5F00C11719 /* Project object */;
}
